
Microsoft Visual Studio Solution File, Format Version 12.00
# Visual Studio 14
VisualStudioVersion = 14.0.25420.1
MinimumVisualStudioVersion = 10.0.40219.1
Project("{8BC9CEB8-8B4A-11D0-8D11-00A0C91BC942}") = "socket", "socket\socket.vcxproj", "{98EFF588-F060-4B7E-8EE9-83481B1F42F2}"
EndProject
Project("{8BC9CEB8-8B4A-11D0-8D11-00A0C91BC942}") = "socket_select", "socket_select\socket_select.vcxproj", "{DB3A4CF1-A6D4-4677-B22D-BB70FE728B3C}"
EndProject
Project("{8BC9CEB8-8B4A-11D0-8D11-00A0C91BC942}") = "socket_epoll", "socket_epoll\socket_epoll.vcxproj", "{123D45E9-1B51-4F91-8C27-0D7C51CE29C0}"
EndProject
Global
	GlobalSection(SolutionConfigurationPlatforms) = preSolution
		Debug|x64 = Debug|x64
		Debug|x86 = Debug|x86
		Release|x64 = Release|x64
		Release|x86 = Release|x86
	EndGlobalSection
	GlobalSection(ProjectConfigurationPlatforms) = postSolution
		{98EFF588-F060-4B7E-8EE9-83481B1F42F2}.Debug|x64.ActiveCfg = Debug|x64
		{98EFF588-F060-4B7E-8EE9-83481B1F42F2}.Debug|x64.Build.0 = Debug|x64
		{98EFF588-F060-4B7E-8EE9-83481B1F42F2}.Debug|x86.ActiveCfg = Debug|Win32
		{98EFF588-F060-4B7E-8EE9-83481B1F42F2}.Debug|x86.Build.0 = Debug|Win32
		{98EFF588-F060-4B7E-8EE9-83481B1F42F2}.Release|x64.ActiveCfg = Release|x64
		{98EFF588-F060-4B7E-8EE9-83481B1F42F2}.Release|x64.Build.0 = Release|x64
		{98EFF588-F060-4B7E-8EE9-83481B1F42F2}.Release|x86.ActiveCfg = Release|Win32
		{98EFF588-F060-4B7E-8EE9-83481B1F42F2}.Release|x86.Build.0 = Release|Win32
		{DB3A4CF1-A6D4-4677-B22D-BB70FE728B3C}.Debug|x64.ActiveCfg = Debug|x64
		{DB3A4CF1-A6D4-4677-B22D-BB70FE728B3C}.Debug|x64.Build.0 = Debug|x64
		{DB3A4CF1-A6D4-4677-B22D-BB70FE728B3C}.Debug|x86.ActiveCfg = Debug|Win32
		{DB3A4CF1-A6D4-4677-B22D-BB70FE728B3C}.Debug|x86.Build.0 = Debug|Win32
		{DB3A4CF1-A6D4-4677-B22D-BB70FE728B3C}.Release|x64.ActiveCfg = Release|x64
		{DB3A4CF1-A6D4-4677-B22D-BB70FE728B3C}.Release|x64.Build.0 = Release|x64
		{DB3A4CF1-A6D4-4677-B22D-BB70FE728B3C}.Release|x86.ActiveCfg = Release|Win32
		{DB3A4CF1-A6D4-4677-B22D-BB70FE728B3C}.Release|x86.Build.0 = Release|Win32
		{123D45E9-1B51-4F91-8C27-0D7C51CE29C0}.Debug|x64.ActiveCfg = Debug|x64
		{123D45E9-1B51-4F91-8C27-0D7C51CE29C0}.Debug|x64.Build.0 = Debug|x64
		{123D45E9-1B51-4F91-8C27-0D7C51CE29C0}.Debug|x86.ActiveCfg = Debug|Win32
		{123D45E9-1B51-4F91-8C27-0D7C51CE29C0}.Debug|x86.Build.0 = Debug|Win32
		{123D45E9-1B51-4F91-8C27-0D7C51CE29C0}.Release|x64.ActiveCfg = Release|x64
		{123D45E9-1B51-4F91-8C27-0D7C51CE29C0}.Release|x64.Build.0 = Release|x64
		{123D45E9-1B51-4F91-8C27-0D7C51CE29C0}.Release|x86.ActiveCfg = Release|Win32
		{123D45E9-1B51-4F91-8C27-0D7C51CE29C0}.Release|x86.Build.0 = Release|Win32
	EndGlobalSection
	GlobalSection(SolutionProperties) = preSolution
		HideSolutionNode = FALSE
	EndGlobalSection
EndGlobal
